
Microsoft Visual Studio Solution File, Format Version 12.00
# Visual Studio 14
VisualStudioVersion = 14.0.25420.1
MinimumVisualStudioVersion = 10.0.40219.1
Project("{FAE04EC0-301F-11D3-BF4B-00C04F79EFBC}") = "Sach", "HDTT3\Sach.csproj", "{97842C39-6A8C-48F8-A93E-CC32CE88B135}"
EndProject
Project("{FAE04EC0-301F-11D3-BF4B-00C04F79EFBC}") = "BaiThucHanh1", "BaiThucHanh1\BaiThucHanh1.csproj", "{04DA5780-B6B1-41E5-AF96-B80270EA0CA6}"
EndProject
Project("{FAE04EC0-301F-11D3-BF4B-00C04F79EFBC}") = "RUP", "RUP\RUP.csproj", "{5FA0CB96-58B3-49DC-BF39-8057624E90EF}"
EndProject
Global
	GlobalSection(SolutionConfigurationPlatforms) = preSolution
		Debug|Any CPU = Debug|Any CPU
		Release|Any CPU = Release|Any CPU
	EndGlobalSection
	GlobalSection(ProjectConfigurationPlatforms) = postSolution
		{97842C39-6A8C-48F8-A93E-CC32CE88B135}.Debug|Any CPU.ActiveCfg = Debug|Any CPU
		{97842C39-6A8C-48F8-A93E-CC32CE88B135}.Debug|Any CPU.Build.0 = Debug|Any CPU
		{97842C39-6A8C-48F8-A93E-CC32CE88B135}.Release|Any CPU.ActiveCfg = Release|Any CPU
		{97842C39-6A8C-48F8-A93E-CC32CE88B135}.Release|Any CPU.Build.0 = Release|Any CPU
		{04DA5780-B6B1-41E5-AF96-B80270EA0CA6}.Debug|Any CPU.ActiveCfg = Debug|Any CPU
		{04DA5780-B6B1-41E5-AF96-B80270EA0CA6}.Debug|Any CPU.Build.0 = Debug|Any CPU
		{04DA5780-B6B1-41E5-AF96-B80270EA0CA6}.Release|Any CPU.ActiveCfg = Release|Any CPU
		{04DA5780-B6B1-41E5-AF96-B80270EA0CA6}.Release|Any CPU.Build.0 = Release|Any CPU
		{5FA0CB96-58B3-49DC-BF39-8057624E90EF}.Debug|Any CPU.ActiveCfg = Debug|Any CPU
		{5FA0CB96-58B3-49DC-BF39-8057624E90EF}.Debug|Any CPU.Build.0 = Debug|Any CPU
		{5FA0CB96-58B3-49DC-BF39-8057624E90EF}.Release|Any CPU.ActiveCfg = Release|Any CPU
		{5FA0CB96-58B3-49DC-BF39-8057624E90EF}.Release|Any CPU.Build.0 = Release|Any CPU
	EndGlobalSection
	GlobalSection(SolutionProperties) = preSolution
		HideSolutionNode = FALSE
	EndGlobalSection
EndGlobal
